
Microsoft Visual Studio Solution File, Format Version 12.00
# Visual Studio Version 17
VisualStudioVersion = 17.3.32728.150
MinimumVisualStudioVersion = 10.0.40219.1
Project("{FAE04EC0-301F-11D3-BF4B-00C04F79EFBC}") = "Casgem_Ajax", "Casgem_Ajax\Casgem_Ajax.csproj", "{0720F48E-C9CB-47C0-B628-95D3AD71A685}"
EndProject
Global
	GlobalSection(SolutionConfigurationPlatforms) = preSolution
		Debug|Any CPU = Debug|Any CPU
		Release|Any CPU = Release|Any CPU
	EndGlobalSection
	GlobalSection(ProjectConfigurationPlatforms) = postSolution
		{0720F48E-C9CB-47C0-B628-95D3AD71A685}.Debug|Any CPU.ActiveCfg = Debug|Any CPU
		{0720F48E-C9CB-47C0-B628-95D3AD71A685}.Debug|Any CPU.Build.0 = Debug|Any CPU
		{0720F48E-C9CB-47C0-B628-95D3AD71A685}.Release|Any CPU.ActiveCfg = Release|Any CPU
		{0720F48E-C9CB-47C0-B628-95D3AD71A685}.Release|Any CPU.Build.0 = Release|Any CPU
	EndGlobalSection
	GlobalSection(SolutionProperties) = preSolution
		HideSolutionNode = FALSE
	EndGlobalSection
	GlobalSection(ExtensibilityGlobals) = postSolution
		SolutionGuid = {22183170-E62F-4501-B492-0CD18411AD0D}
	EndGlobalSection
EndGlobal
